
Microsoft Visual Studio Solution File, Format Version 12.00
# Visual Studio 15
VisualStudioVersion = 15.0.26730.12
MinimumVisualStudioVersion = 10.0.40219.1
Project("{9A19103F-16F7-4668-BE54-9A1E7A4F7556}") = "QRCoder.NETCore20", "QRCoder\QRCoder.NETCore20.csproj", "{AA6BE23A-7813-4D2A-835E-B673631AE9F1}"
EndProject
Global
	GlobalSection(SolutionConfigurationPlatforms) = preSolution
		Debug|Any CPU = Debug|Any CPU
		Release|Any CPU = Release|Any CPU
	EndGlobalSection
	GlobalSection(ProjectConfigurationPlatforms) = postSolution
		{AA6BE23A-7813-4D2A-835E-B673631AE9F1}.Debug|Any CPU.ActiveCfg = Debug|Any CPU
		{AA6BE23A-7813-4D2A-835E-B673631AE9F1}.Debug|Any CPU.Build.0 = Debug|Any CPU
		{AA6BE23A-7813-4D2A-835E-B673631AE9F1}.Release|Any CPU.ActiveCfg = Release|Any CPU
		{AA6BE23A-7813-4D2A-835E-B673631AE9F1}.Release|Any CPU.Build.0 = Release|Any CPU
	EndGlobalSection
	GlobalSection(SolutionProperties) = preSolution
		HideSolutionNode = FALSE
	EndGlobalSection
	GlobalSection(ExtensibilityGlobals) = postSolution
		SolutionGuid = {F1845CDF-5EE5-456F-B6C8-717E4E2284F4}
	EndGlobalSection
EndGlobal
