
Microsoft Visual Studio Solution File, Format Version 12.00
# Visual Studio Version 16
VisualStudioVersion = 16.0.29911.84
MinimumVisualStudioVersion = 10.0.40219.1
Project("{9A19103F-16F7-4668-BE54-9A1E7A4F7556}") = "QRCoder", "QRCoder\QRCoder.csproj", "{AA6BE23A-7813-4D2A-835E-B673631AE9F1}"
EndProject
Project("{9A19103F-16F7-4668-BE54-9A1E7A4F7556}") = "QRCoderConsole", "QRCoderConsole\QRCoderConsole.csproj", "{014F04C6-6099-4552-9A4F-D09C6E39D576}"
EndProject
Project("{FAE04EC0-301F-11D3-BF4B-00C04F79EFBC}") = "QRCoderDemo", "QRCoderDemo\QRCoderDemo.csproj", "{CA6DB0F5-DB6C-4DDD-8B5F-EF82FBB963E9}"
EndProject
Project("{FAE04EC0-301F-11D3-BF4B-00C04F79EFBC}") = "QRCoderDemoUWP", "QRCoderDemoUWP\QRCoderDemoUWP.csproj", "{61933D20-DB1F-4EE8-AC8E-3A2316CDD20C}"
EndProject
Project("{9A19103F-16F7-4668-BE54-9A1E7A4F7556}") = "QRCoderTests", "QRCoderTests\QRCoderTests.csproj", "{1B51624B-9915-4ED6-8FC1-1B7C472246E5}"
EndProject
Global
	GlobalSection(SolutionConfigurationPlatforms) = preSolution
		Debug|Any CPU = Debug|Any CPU
		Debug|ARM = Debug|ARM
		Debug|x64 = Debug|x64
		Debug|x86 = Debug|x86
		Release|Any CPU = Release|Any CPU
		Release|ARM = Release|ARM
		Release|x64 = Release|x64
		Release|x86 = Release|x86
	EndGlobalSection
	GlobalSection(ProjectConfigurationPlatforms) = postSolution
		{AA6BE23A-7813-4D2A-835E-B673631AE9F1}.Debug|Any CPU.ActiveCfg = Debug|Any CPU
		{AA6BE23A-7813-4D2A-835E-B673631AE9F1}.Debug|Any CPU.Build.0 = Debug|Any CPU
		{AA6BE23A-7813-4D2A-835E-B673631AE9F1}.Debug|ARM.ActiveCfg = Debug|Any CPU
		{AA6BE23A-7813-4D2A-835E-B673631AE9F1}.Debug|ARM.Build.0 = Debug|Any CPU
		{AA6BE23A-7813-4D2A-835E-B673631AE9F1}.Debug|x64.ActiveCfg = Debug|Any CPU
		{AA6BE23A-7813-4D2A-835E-B673631AE9F1}.Debug|x64.Build.0 = Debug|Any CPU
		{AA6BE23A-7813-4D2A-835E-B673631AE9F1}.Debug|x86.ActiveCfg = Debug|Any CPU
		{AA6BE23A-7813-4D2A-835E-B673631AE9F1}.Debug|x86.Build.0 = Debug|Any CPU
		{AA6BE23A-7813-4D2A-835E-B673631AE9F1}.Release|Any CPU.ActiveCfg = Release|Any CPU
		{AA6BE23A-7813-4D2A-835E-B673631AE9F1}.Release|Any CPU.Build.0 = Release|Any CPU
		{AA6BE23A-7813-4D2A-835E-B673631AE9F1}.Release|ARM.ActiveCfg = Release|Any CPU
		{AA6BE23A-7813-4D2A-835E-B673631AE9F1}.Release|ARM.Build.0 = Release|Any CPU
		{AA6BE23A-7813-4D2A-835E-B673631AE9F1}.Release|x64.ActiveCfg = Release|Any CPU
		{AA6BE23A-7813-4D2A-835E-B673631AE9F1}.Release|x64.Build.0 = Release|Any CPU
		{AA6BE23A-7813-4D2A-835E-B673631AE9F1}.Release|x86.ActiveCfg = Release|Any CPU
		{AA6BE23A-7813-4D2A-835E-B673631AE9F1}.Release|x86.Build.0 = Release|Any CPU
		{014F04C6-6099-4552-9A4F-D09C6E39D576}.Debug|Any CPU.ActiveCfg = Debug|Any CPU
		{014F04C6-6099-4552-9A4F-D09C6E39D576}.Debug|ARM.ActiveCfg = Debug|Any CPU
		{014F04C6-6099-4552-9A4F-D09C6E39D576}.Debug|ARM.Build.0 = Debug|Any CPU
		{014F04C6-6099-4552-9A4F-D09C6E39D576}.Debug|x64.ActiveCfg = Debug|Any CPU
		{014F04C6-6099-4552-9A4F-D09C6E39D576}.Debug|x64.Build.0 = Debug|Any CPU
		{014F04C6-6099-4552-9A4F-D09C6E39D576}.Debug|x86.ActiveCfg = Debug|Any CPU
		{014F04C6-6099-4552-9A4F-D09C6E39D576}.Debug|x86.Build.0 = Debug|Any CPU
		{014F04C6-6099-4552-9A4F-D09C6E39D576}.Release|Any CPU.ActiveCfg = Release|Any CPU
		{014F04C6-6099-4552-9A4F-D09C6E39D576}.Release|ARM.ActiveCfg = Release|Any CPU
		{014F04C6-6099-4552-9A4F-D09C6E39D576}.Release|ARM.Build.0 = Release|Any CPU
		{014F04C6-6099-4552-9A4F-D09C6E39D576}.Release|x64.ActiveCfg = Release|Any CPU
		{014F04C6-6099-4552-9A4F-D09C6E39D576}.Release|x64.Build.0 = Release|Any CPU
		{014F04C6-6099-4552-9A4F-D09C6E39D576}.Release|x86.ActiveCfg = Release|Any CPU
		{014F04C6-6099-4552-9A4F-D09C6E39D576}.Release|x86.Build.0 = Release|Any CPU
		{CA6DB0F5-DB6C-4DDD-8B5F-EF82FBB963E9}.Debug|Any CPU.ActiveCfg = Debug|Any CPU
		{CA6DB0F5-DB6C-4DDD-8B5F-EF82FBB963E9}.Debug|ARM.ActiveCfg = Debug|x86
		{CA6DB0F5-DB6C-4DDD-8B5F-EF82FBB963E9}.Debug|x64.ActiveCfg = Debug|x86
		{CA6DB0F5-DB6C-4DDD-8B5F-EF82FBB963E9}.Debug|x86.ActiveCfg = Debug|x86
		{CA6DB0F5-DB6C-4DDD-8B5F-EF82FBB963E9}.Debug|x86.Build.0 = Debug|x86
		{CA6DB0F5-DB6C-4DDD-8B5F-EF82FBB963E9}.Release|Any CPU.ActiveCfg = Release|Any CPU
		{CA6DB0F5-DB6C-4DDD-8B5F-EF82FBB963E9}.Release|ARM.ActiveCfg = Release|x86
		{CA6DB0F5-DB6C-4DDD-8B5F-EF82FBB963E9}.Release|x64.ActiveCfg = Release|x86
		{CA6DB0F5-DB6C-4DDD-8B5F-EF82FBB963E9}.Release|x86.ActiveCfg = Release|x86
		{CA6DB0F5-DB6C-4DDD-8B5F-EF82FBB963E9}.Release|x86.Build.0 = Release|x86
		{61933D20-DB1F-4EE8-AC8E-3A2316CDD20C}.Debug|Any CPU.ActiveCfg = Debug|x86
		{61933D20-DB1F-4EE8-AC8E-3A2316CDD20C}.Debug|ARM.ActiveCfg = Debug|ARM
		{61933D20-DB1F-4EE8-AC8E-3A2316CDD20C}.Debug|ARM.Build.0 = Debug|ARM
		{61933D20-DB1F-4EE8-AC8E-3A2316CDD20C}.Debug|ARM.Deploy.0 = Debug|ARM
		{61933D20-DB1F-4EE8-AC8E-3A2316CDD20C}.Debug|x64.ActiveCfg = Debug|x64
		{61933D20-DB1F-4EE8-AC8E-3A2316CDD20C}.Debug|x64.Build.0 = Debug|x64
		{61933D20-DB1F-4EE8-AC8E-3A2316CDD20C}.Debug|x64.Deploy.0 = Debug|x64
		{61933D20-DB1F-4EE8-AC8E-3A2316CDD20C}.Debug|x86.ActiveCfg = Debug|x86
		{61933D20-DB1F-4EE8-AC8E-3A2316CDD20C}.Debug|x86.Build.0 = Debug|x86
		{61933D20-DB1F-4EE8-AC8E-3A2316CDD20C}.Debug|x86.Deploy.0 = Debug|x86
		{61933D20-DB1F-4EE8-AC8E-3A2316CDD20C}.Release|Any CPU.ActiveCfg = Release|x86
		{61933D20-DB1F-4EE8-AC8E-3A2316CDD20C}.Release|ARM.ActiveCfg = Release|ARM
		{61933D20-DB1F-4EE8-AC8E-3A2316CDD20C}.Release|ARM.Build.0 = Release|ARM
		{61933D20-DB1F-4EE8-AC8E-3A2316CDD20C}.Release|ARM.Deploy.0 = Release|ARM
		{61933D20-DB1F-4EE8-AC8E-3A2316CDD20C}.Release|x64.ActiveCfg = Release|x64
		{61933D20-DB1F-4EE8-AC8E-3A2316CDD20C}.Release|x64.Build.0 = Release|x64
		{61933D20-DB1F-4EE8-AC8E-3A2316CDD20C}.Release|x64.Deploy.0 = Release|x64
		{61933D20-DB1F-4EE8-AC8E-3A2316CDD20C}.Release|x86.ActiveCfg = Release|x86
		{61933D20-DB1F-4EE8-AC8E-3A2316CDD20C}.Release|x86.Build.0 = Release|x86
		{61933D20-DB1F-4EE8-AC8E-3A2316CDD20C}.Release|x86.Deploy.0 = Release|x86
		{1B51624B-9915-4ED6-8FC1-1B7C472246E5}.Debug|Any CPU.ActiveCfg = Debug|Any CPU
		{1B51624B-9915-4ED6-8FC1-1B7C472246E5}.Debug|Any CPU.Build.0 = Debug|Any CPU
		{1B51624B-9915-4ED6-8FC1-1B7C472246E5}.Debug|ARM.ActiveCfg = Debug|Any CPU
		{1B51624B-9915-4ED6-8FC1-1B7C472246E5}.Debug|ARM.Build.0 = Debug|Any CPU
		{1B51624B-9915-4ED6-8FC1-1B7C472246E5}.Debug|x64.ActiveCfg = Debug|Any CPU
		{1B51624B-9915-4ED6-8FC1-1B7C472246E5}.Debug|x64.Build.0 = Debug|Any CPU
		{1B51624B-9915-4ED6-8FC1-1B7C472246E5}.Debug|x86.ActiveCfg = Debug|Any CPU
		{1B51624B-9915-4ED6-8FC1-1B7C472246E5}.Debug|x86.Build.0 = Debug|Any CPU
		{1B51624B-9915-4ED6-8FC1-1B7C472246E5}.Release|Any CPU.ActiveCfg = Release|Any CPU
		{1B51624B-9915-4ED6-8FC1-1B7C472246E5}.Release|Any CPU.Build.0 = Release|Any CPU
		{1B51624B-9915-4ED6-8FC1-1B7C472246E5}.Release|ARM.ActiveCfg = Release|Any CPU
		{1B51624B-9915-4ED6-8FC1-1B7C472246E5}.Release|ARM.Build.0 = Release|Any CPU
		{1B51624B-9915-4ED6-8FC1-1B7C472246E5}.Release|x64.ActiveCfg = Release|Any CPU
		{1B51624B-9915-4ED6-8FC1-1B7C472246E5}.Release|x64.Build.0 = Release|Any CPU
		{1B51624B-9915-4ED6-8FC1-1B7C472246E5}.Release|x86.ActiveCfg = Release|Any CPU
		{1B51624B-9915-4ED6-8FC1-1B7C472246E5}.Release|x86.Build.0 = Release|Any CPU
	EndGlobalSection
	GlobalSection(SolutionProperties) = preSolution
		HideSolutionNode = FALSE
	EndGlobalSection
	GlobalSection(ExtensibilityGlobals) = postSolution
		SolutionGuid = {F1845CDF-5EE5-456F-B6C8-717E4E2284F4}
	EndGlobalSection
EndGlobal
