
Microsoft Visual Studio Solution File, Format Version 12.00
# Visual Studio 14
VisualStudioVersion = 14.0.25123.0
MinimumVisualStudioVersion = 10.0.40219.1
Project("{FAE04EC0-301F-11D3-BF4B-00C04F79EFBC}") = "QRCoder", "QRCoder\QRCoder.csproj", "{AECE5DF3-C379-46CA-BB7D-7BDBE59011FD}"
EndProject
Project("{FAE04EC0-301F-11D3-BF4B-00C04F79EFBC}") = "QRCoder.NET40", "QRCoder\QRCoder.NET40.csproj", "{A68DD9CA-828E-4908-8352-0A2B53621F37}"
EndProject
Project("{FAE04EC0-301F-11D3-BF4B-00C04F79EFBC}") = "QRCoder.NETCore20", "QRCoder\QRCoder.NETCore20.csproj", "{B493ECD6-D16D-49ED-B63B-5155F86518BF}"
EndProject
Project("{FAE04EC0-301F-11D3-BF4B-00C04F79EFBC}") = "QRCoderProject.Portable", "QRCoder\QRCoderProject.Portable.csproj", "{B2709734-9F32-4750-9CEC-10C5915B23FB}"
EndProject
Global
	GlobalSection(SolutionConfigurationPlatforms) = preSolution
		Debug|Any CPU = Debug|Any CPU
		Release|Any CPU = Release|Any CPU
	EndGlobalSection
	GlobalSection(ProjectConfigurationPlatforms) = postSolution
		{AECE5DF3-C379-46CA-BB7D-7BDBE59011FD}.Debug|Any CPU.ActiveCfg = Debug|Any CPU
		{AECE5DF3-C379-46CA-BB7D-7BDBE59011FD}.Debug|Any CPU.Build.0 = Debug|Any CPU
		{AECE5DF3-C379-46CA-BB7D-7BDBE59011FD}.Release|Any CPU.ActiveCfg = Release|Any CPU
		{AECE5DF3-C379-46CA-BB7D-7BDBE59011FD}.Release|Any CPU.Build.0 = Release|Any CPU
		{A68DD9CA-828E-4908-8352-0A2B53621F37}.Debug|Any CPU.ActiveCfg = Debug|Any CPU
		{A68DD9CA-828E-4908-8352-0A2B53621F37}.Debug|Any CPU.Build.0 = Debug|Any CPU
		{A68DD9CA-828E-4908-8352-0A2B53621F37}.Release|Any CPU.ActiveCfg = Release|Any CPU
		{A68DD9CA-828E-4908-8352-0A2B53621F37}.Release|Any CPU.Build.0 = Release|Any CPU
		{B493ECD6-D16D-49ED-B63B-5155F86518BF}.Debug|Any CPU.ActiveCfg = Debug|Any CPU
		{B493ECD6-D16D-49ED-B63B-5155F86518BF}.Debug|Any CPU.Build.0 = Debug|Any CPU
		{B493ECD6-D16D-49ED-B63B-5155F86518BF}.Release|Any CPU.ActiveCfg = Release|Any CPU
		{B493ECD6-D16D-49ED-B63B-5155F86518BF}.Release|Any CPU.Build.0 = Release|Any CPU
		{B2709734-9F32-4750-9CEC-10C5915B23FB}.Debug|Any CPU.ActiveCfg = Debug|Any CPU
		{B2709734-9F32-4750-9CEC-10C5915B23FB}.Debug|Any CPU.Build.0 = Debug|Any CPU
		{B2709734-9F32-4750-9CEC-10C5915B23FB}.Release|Any CPU.ActiveCfg = Release|Any CPU
		{B2709734-9F32-4750-9CEC-10C5915B23FB}.Release|Any CPU.Build.0 = Release|Any CPU
	EndGlobalSection
	GlobalSection(SolutionProperties) = preSolution
		HideSolutionNode = FALSE
	EndGlobalSection
EndGlobal
