
Microsoft Visual Studio Solution File, Format Version 12.00
# Visual Studio Version 17
VisualStudioVersion = 17.0.31919.166
MinimumVisualStudioVersion = 10.0.40219.1
Project("{9A19103F-16F7-4668-BE54-9A1E7A4F7556}") = "QRCoder", "QRCoder\QRCoder.csproj", "{AA6BE23A-7813-4D2A-835E-B673631AE9F1}"
EndProject
Project("{9A19103F-16F7-4668-BE54-9A1E7A4F7556}") = "QRCoderConsole", "QRCoderConsole\QRCoderConsole.csproj", "{014F04C6-6099-4552-9A4F-D09C6E39D576}"
EndProject
Project("{9A19103F-16F7-4668-BE54-9A1E7A4F7556}") = "QRCoderDemo", "QRCoderDemo\QRCoderDemo.csproj", "{CA6DB0F5-DB6C-4DDD-8B5F-EF82FBB963E9}"
EndProject
Project("{FAE04EC0-301F-11D3-BF4B-00C04F79EFBC}") = "QRCoderDemoUWP", "QRCoderDemoUWP\QRCoderDemoUWP.csproj", "{61933D20-DB1F-4EE8-AC8E-3A2316CDD20C}"
EndProject
Project("{9A19103F-16F7-4668-BE54-9A1E7A4F7556}") = "QRCoderTests", "QRCoderTests\QRCoderTests.csproj", "{1B51624B-9915-4ED6-8FC1-1B7C472246E5}"
EndProject
Project("{9A19103F-16F7-4668-BE54-9A1E7A4F7556}") = "QRCoder.Xaml", "QRCoder.Xaml\QRCoder.Xaml.csproj", "{A7A7E073-2504-4BA2-A63B-87AC34174789}"
EndProject
Project("{9A19103F-16F7-4668-BE54-9A1E7A4F7556}") = "QRCoder.ImageSharp", "QRCoder.ImageSharp\QRCoder.ImageSharp.csproj", "{229BC36C-54D6-43FC-9D82-EE0D6FD9883C}"
EndProject
Project("{9A19103F-16F7-4668-BE54-9A1E7A4F7556}") = "QRCoder.ImageSharpTests", "QRCoder.ImageSharpTests\QRCoder.ImageSharpTests.csproj", "{F5596C43-DDB9-47BC-BCA0-2308A59F630B}"
EndProject
Project("{2150E333-8FDC-42A3-9474-1A3956D46DE8}") = "Tests", "Tests", "{3E51E726-E6AB-492B-A37D-DF1CE024D54F}"
EndProject
Project("{FAE04EC0-301F-11D3-BF4B-00C04F79EFBC}") = "QRCoder.SkiaSharp", "QRCoder.SkiaSharp\QRCoder.SkiaSharp.csproj", "{D339E382-4B87-4E78-B5B9-381F88F14B4F}"
EndProject
Project("{FAE04EC0-301F-11D3-BF4B-00C04F79EFBC}") = "QRCoder.SkiaSharpTests", "QRCoder.SkiaSharpTests\QRCoder.SkiaSharpTests.csproj", "{8F2B4B7D-ACEE-45CE-B691-CA0B06EDAB95}"
EndProject
Global
	GlobalSection(SolutionConfigurationPlatforms) = preSolution
		Debug|Any CPU = Debug|Any CPU
		Debug|ARM = Debug|ARM
		Debug|x64 = Debug|x64
		Debug|x86 = Debug|x86
		Release|Any CPU = Release|Any CPU
		Release|ARM = Release|ARM
		Release|x64 = Release|x64
		Release|x86 = Release|x86
	EndGlobalSection
	GlobalSection(ProjectConfigurationPlatforms) = postSolution
		{AA6BE23A-7813-4D2A-835E-B673631AE9F1}.Debug|Any CPU.ActiveCfg = Debug|Any CPU
		{AA6BE23A-7813-4D2A-835E-B673631AE9F1}.Debug|Any CPU.Build.0 = Debug|Any CPU
		{AA6BE23A-7813-4D2A-835E-B673631AE9F1}.Debug|ARM.ActiveCfg = Debug|Any CPU
		{AA6BE23A-7813-4D2A-835E-B673631AE9F1}.Debug|ARM.Build.0 = Debug|Any CPU
		{AA6BE23A-7813-4D2A-835E-B673631AE9F1}.Debug|x64.ActiveCfg = Debug|Any CPU
		{AA6BE23A-7813-4D2A-835E-B673631AE9F1}.Debug|x64.Build.0 = Debug|Any CPU
		{AA6BE23A-7813-4D2A-835E-B673631AE9F1}.Debug|x86.ActiveCfg = Debug|Any CPU
		{AA6BE23A-7813-4D2A-835E-B673631AE9F1}.Debug|x86.Build.0 = Debug|Any CPU
		{AA6BE23A-7813-4D2A-835E-B673631AE9F1}.Release|Any CPU.ActiveCfg = Release|Any CPU
		{AA6BE23A-7813-4D2A-835E-B673631AE9F1}.Release|Any CPU.Build.0 = Release|Any CPU
		{AA6BE23A-7813-4D2A-835E-B673631AE9F1}.Release|ARM.ActiveCfg = Release|Any CPU
		{AA6BE23A-7813-4D2A-835E-B673631AE9F1}.Release|ARM.Build.0 = Release|Any CPU
		{AA6BE23A-7813-4D2A-835E-B673631AE9F1}.Release|x64.ActiveCfg = Release|Any CPU
		{AA6BE23A-7813-4D2A-835E-B673631AE9F1}.Release|x64.Build.0 = Release|Any CPU
		{AA6BE23A-7813-4D2A-835E-B673631AE9F1}.Release|x86.ActiveCfg = Release|Any CPU
		{AA6BE23A-7813-4D2A-835E-B673631AE9F1}.Release|x86.Build.0 = Release|Any CPU
		{014F04C6-6099-4552-9A4F-D09C6E39D576}.Debug|Any CPU.ActiveCfg = Debug|Any CPU
		{014F04C6-6099-4552-9A4F-D09C6E39D576}.Debug|ARM.ActiveCfg = Debug|Any CPU
		{014F04C6-6099-4552-9A4F-D09C6E39D576}.Debug|ARM.Build.0 = Debug|Any CPU
		{014F04C6-6099-4552-9A4F-D09C6E39D576}.Debug|x64.ActiveCfg = Debug|Any CPU
		{014F04C6-6099-4552-9A4F-D09C6E39D576}.Debug|x64.Build.0 = Debug|Any CPU
		{014F04C6-6099-4552-9A4F-D09C6E39D576}.Debug|x86.ActiveCfg = Debug|Any CPU
		{014F04C6-6099-4552-9A4F-D09C6E39D576}.Debug|x86.Build.0 = Debug|Any CPU
		{014F04C6-6099-4552-9A4F-D09C6E39D576}.Release|Any CPU.ActiveCfg = Release|Any CPU
		{014F04C6-6099-4552-9A4F-D09C6E39D576}.Release|ARM.ActiveCfg = Release|Any CPU
		{014F04C6-6099-4552-9A4F-D09C6E39D576}.Release|ARM.Build.0 = Release|Any CPU
		{014F04C6-6099-4552-9A4F-D09C6E39D576}.Release|x64.ActiveCfg = Release|Any CPU
		{014F04C6-6099-4552-9A4F-D09C6E39D576}.Release|x64.Build.0 = Release|Any CPU
		{014F04C6-6099-4552-9A4F-D09C6E39D576}.Release|x86.ActiveCfg = Release|Any CPU
		{014F04C6-6099-4552-9A4F-D09C6E39D576}.Release|x86.Build.0 = Release|Any CPU
		{CA6DB0F5-DB6C-4DDD-8B5F-EF82FBB963E9}.Debug|Any CPU.ActiveCfg = Debug|Any CPU
		{CA6DB0F5-DB6C-4DDD-8B5F-EF82FBB963E9}.Debug|ARM.ActiveCfg = Debug|x86
		{CA6DB0F5-DB6C-4DDD-8B5F-EF82FBB963E9}.Debug|x64.ActiveCfg = Debug|x86
		{CA6DB0F5-DB6C-4DDD-8B5F-EF82FBB963E9}.Debug|x86.ActiveCfg = Debug|Any CPU
		{CA6DB0F5-DB6C-4DDD-8B5F-EF82FBB963E9}.Debug|x86.Build.0 = Debug|Any CPU
		{CA6DB0F5-DB6C-4DDD-8B5F-EF82FBB963E9}.Release|Any CPU.ActiveCfg = Release|Any CPU
		{CA6DB0F5-DB6C-4DDD-8B5F-EF82FBB963E9}.Release|ARM.ActiveCfg = Release|x86
		{CA6DB0F5-DB6C-4DDD-8B5F-EF82FBB963E9}.Release|x64.ActiveCfg = Release|x86
		{CA6DB0F5-DB6C-4DDD-8B5F-EF82FBB963E9}.Release|x86.ActiveCfg = Release|x86
		{CA6DB0F5-DB6C-4DDD-8B5F-EF82FBB963E9}.Release|x86.Build.0 = Release|x86
		{61933D20-DB1F-4EE8-AC8E-3A2316CDD20C}.Debug|Any CPU.ActiveCfg = Debug|x86
		{61933D20-DB1F-4EE8-AC8E-3A2316CDD20C}.Debug|ARM.ActiveCfg = Debug|ARM
		{61933D20-DB1F-4EE8-AC8E-3A2316CDD20C}.Debug|ARM.Build.0 = Debug|ARM
		{61933D20-DB1F-4EE8-AC8E-3A2316CDD20C}.Debug|ARM.Deploy.0 = Debug|ARM
		{61933D20-DB1F-4EE8-AC8E-3A2316CDD20C}.Debug|x64.ActiveCfg = Debug|x64
		{61933D20-DB1F-4EE8-AC8E-3A2316CDD20C}.Debug|x64.Build.0 = Debug|x64
		{61933D20-DB1F-4EE8-AC8E-3A2316CDD20C}.Debug|x64.Deploy.0 = Debug|x64
		{61933D20-DB1F-4EE8-AC8E-3A2316CDD20C}.Debug|x86.ActiveCfg = Debug|x86
		{61933D20-DB1F-4EE8-AC8E-3A2316CDD20C}.Debug|x86.Build.0 = Debug|x86
		{61933D20-DB1F-4EE8-AC8E-3A2316CDD20C}.Debug|x86.Deploy.0 = Debug|x86
		{61933D20-DB1F-4EE8-AC8E-3A2316CDD20C}.Release|Any CPU.ActiveCfg = Release|x86
		{61933D20-DB1F-4EE8-AC8E-3A2316CDD20C}.Release|ARM.ActiveCfg = Release|ARM
		{61933D20-DB1F-4EE8-AC8E-3A2316CDD20C}.Release|ARM.Build.0 = Release|ARM
		{61933D20-DB1F-4EE8-AC8E-3A2316CDD20C}.Release|ARM.Deploy.0 = Release|ARM
		{61933D20-DB1F-4EE8-AC8E-3A2316CDD20C}.Release|x64.ActiveCfg = Release|x64
		{61933D20-DB1F-4EE8-AC8E-3A2316CDD20C}.Release|x64.Build.0 = Release|x64
		{61933D20-DB1F-4EE8-AC8E-3A2316CDD20C}.Release|x64.Deploy.0 = Release|x64
		{61933D20-DB1F-4EE8-AC8E-3A2316CDD20C}.Release|x86.ActiveCfg = Release|x86
		{61933D20-DB1F-4EE8-AC8E-3A2316CDD20C}.Release|x86.Build.0 = Release|x86
		{61933D20-DB1F-4EE8-AC8E-3A2316CDD20C}.Release|x86.Deploy.0 = Release|x86
		{1B51624B-9915-4ED6-8FC1-1B7C472246E5}.Debug|Any CPU.ActiveCfg = Debug|Any CPU
		{1B51624B-9915-4ED6-8FC1-1B7C472246E5}.Debug|Any CPU.Build.0 = Debug|Any CPU
		{1B51624B-9915-4ED6-8FC1-1B7C472246E5}.Debug|ARM.ActiveCfg = Debug|Any CPU
		{1B51624B-9915-4ED6-8FC1-1B7C472246E5}.Debug|ARM.Build.0 = Debug|Any CPU
		{1B51624B-9915-4ED6-8FC1-1B7C472246E5}.Debug|x64.ActiveCfg = Debug|Any CPU
		{1B51624B-9915-4ED6-8FC1-1B7C472246E5}.Debug|x64.Build.0 = Debug|Any CPU
		{1B51624B-9915-4ED6-8FC1-1B7C472246E5}.Debug|x86.ActiveCfg = Debug|Any CPU
		{1B51624B-9915-4ED6-8FC1-1B7C472246E5}.Debug|x86.Build.0 = Debug|Any CPU
		{1B51624B-9915-4ED6-8FC1-1B7C472246E5}.Release|Any CPU.ActiveCfg = Release|Any CPU
		{1B51624B-9915-4ED6-8FC1-1B7C472246E5}.Release|Any CPU.Build.0 = Release|Any CPU
		{1B51624B-9915-4ED6-8FC1-1B7C472246E5}.Release|ARM.ActiveCfg = Release|Any CPU
		{1B51624B-9915-4ED6-8FC1-1B7C472246E5}.Release|ARM.Build.0 = Release|Any CPU
		{1B51624B-9915-4ED6-8FC1-1B7C472246E5}.Release|x64.ActiveCfg = Release|Any CPU
		{1B51624B-9915-4ED6-8FC1-1B7C472246E5}.Release|x64.Build.0 = Release|Any CPU
		{1B51624B-9915-4ED6-8FC1-1B7C472246E5}.Release|x86.ActiveCfg = Release|Any CPU
		{1B51624B-9915-4ED6-8FC1-1B7C472246E5}.Release|x86.Build.0 = Release|Any CPU
		{A7A7E073-2504-4BA2-A63B-87AC34174789}.Debug|Any CPU.ActiveCfg = Debug|Any CPU
		{A7A7E073-2504-4BA2-A63B-87AC34174789}.Debug|Any CPU.Build.0 = Debug|Any CPU
		{A7A7E073-2504-4BA2-A63B-87AC34174789}.Debug|ARM.ActiveCfg = Debug|Any CPU
		{A7A7E073-2504-4BA2-A63B-87AC34174789}.Debug|ARM.Build.0 = Debug|Any CPU
		{A7A7E073-2504-4BA2-A63B-87AC34174789}.Debug|x64.ActiveCfg = Debug|Any CPU
		{A7A7E073-2504-4BA2-A63B-87AC34174789}.Debug|x64.Build.0 = Debug|Any CPU
		{A7A7E073-2504-4BA2-A63B-87AC34174789}.Debug|x86.ActiveCfg = Debug|Any CPU
		{A7A7E073-2504-4BA2-A63B-87AC34174789}.Debug|x86.Build.0 = Debug|Any CPU
		{A7A7E073-2504-4BA2-A63B-87AC34174789}.Release|Any CPU.ActiveCfg = Release|Any CPU
		{A7A7E073-2504-4BA2-A63B-87AC34174789}.Release|Any CPU.Build.0 = Release|Any CPU
		{A7A7E073-2504-4BA2-A63B-87AC34174789}.Release|ARM.ActiveCfg = Release|Any CPU
		{A7A7E073-2504-4BA2-A63B-87AC34174789}.Release|ARM.Build.0 = Release|Any CPU
		{A7A7E073-2504-4BA2-A63B-87AC34174789}.Release|x64.ActiveCfg = Release|Any CPU
		{A7A7E073-2504-4BA2-A63B-87AC34174789}.Release|x64.Build.0 = Release|Any CPU
		{A7A7E073-2504-4BA2-A63B-87AC34174789}.Release|x86.ActiveCfg = Release|Any CPU
		{A7A7E073-2504-4BA2-A63B-87AC34174789}.Release|x86.Build.0 = Release|Any CPU
		{229BC36C-54D6-43FC-9D82-EE0D6FD9883C}.Debug|Any CPU.ActiveCfg = Debug|Any CPU
		{229BC36C-54D6-43FC-9D82-EE0D6FD9883C}.Debug|Any CPU.Build.0 = Debug|Any CPU
		{229BC36C-54D6-43FC-9D82-EE0D6FD9883C}.Debug|ARM.ActiveCfg = Debug|Any CPU
		{229BC36C-54D6-43FC-9D82-EE0D6FD9883C}.Debug|ARM.Build.0 = Debug|Any CPU
		{229BC36C-54D6-43FC-9D82-EE0D6FD9883C}.Debug|x64.ActiveCfg = Debug|Any CPU
		{229BC36C-54D6-43FC-9D82-EE0D6FD9883C}.Debug|x64.Build.0 = Debug|Any CPU
		{229BC36C-54D6-43FC-9D82-EE0D6FD9883C}.Debug|x86.ActiveCfg = Debug|Any CPU
		{229BC36C-54D6-43FC-9D82-EE0D6FD9883C}.Debug|x86.Build.0 = Debug|Any CPU
		{229BC36C-54D6-43FC-9D82-EE0D6FD9883C}.Release|Any CPU.ActiveCfg = Release|Any CPU
		{229BC36C-54D6-43FC-9D82-EE0D6FD9883C}.Release|Any CPU.Build.0 = Release|Any CPU
		{229BC36C-54D6-43FC-9D82-EE0D6FD9883C}.Release|ARM.ActiveCfg = Release|Any CPU
		{229BC36C-54D6-43FC-9D82-EE0D6FD9883C}.Release|ARM.Build.0 = Release|Any CPU
		{229BC36C-54D6-43FC-9D82-EE0D6FD9883C}.Release|x64.ActiveCfg = Release|Any CPU
		{229BC36C-54D6-43FC-9D82-EE0D6FD9883C}.Release|x64.Build.0 = Release|Any CPU
		{229BC36C-54D6-43FC-9D82-EE0D6FD9883C}.Release|x86.ActiveCfg = Release|Any CPU
		{229BC36C-54D6-43FC-9D82-EE0D6FD9883C}.Release|x86.Build.0 = Release|Any CPU
		{F5596C43-DDB9-47BC-BCA0-2308A59F630B}.Debug|Any CPU.ActiveCfg = Debug|Any CPU
		{F5596C43-DDB9-47BC-BCA0-2308A59F630B}.Debug|Any CPU.Build.0 = Debug|Any CPU
		{F5596C43-DDB9-47BC-BCA0-2308A59F630B}.Debug|ARM.ActiveCfg = Debug|Any CPU
		{F5596C43-DDB9-47BC-BCA0-2308A59F630B}.Debug|ARM.Build.0 = Debug|Any CPU
		{F5596C43-DDB9-47BC-BCA0-2308A59F630B}.Debug|x64.ActiveCfg = Debug|Any CPU
		{F5596C43-DDB9-47BC-BCA0-2308A59F630B}.Debug|x64.Build.0 = Debug|Any CPU
		{F5596C43-DDB9-47BC-BCA0-2308A59F630B}.Debug|x86.ActiveCfg = Debug|Any CPU
		{F5596C43-DDB9-47BC-BCA0-2308A59F630B}.Debug|x86.Build.0 = Debug|Any CPU
		{F5596C43-DDB9-47BC-BCA0-2308A59F630B}.Release|Any CPU.ActiveCfg = Release|Any CPU
		{F5596C43-DDB9-47BC-BCA0-2308A59F630B}.Release|Any CPU.Build.0 = Release|Any CPU
		{F5596C43-DDB9-47BC-BCA0-2308A59F630B}.Release|ARM.ActiveCfg = Release|Any CPU
		{F5596C43-DDB9-47BC-BCA0-2308A59F630B}.Release|ARM.Build.0 = Release|Any CPU
		{F5596C43-DDB9-47BC-BCA0-2308A59F630B}.Release|x64.ActiveCfg = Release|Any CPU
		{F5596C43-DDB9-47BC-BCA0-2308A59F630B}.Release|x64.Build.0 = Release|Any CPU
		{F5596C43-DDB9-47BC-BCA0-2308A59F630B}.Release|x86.ActiveCfg = Release|Any CPU
		{F5596C43-DDB9-47BC-BCA0-2308A59F630B}.Release|x86.Build.0 = Release|Any CPU
		{D339E382-4B87-4E78-B5B9-381F88F14B4F}.Debug|Any CPU.ActiveCfg = Debug|Any CPU
		{D339E382-4B87-4E78-B5B9-381F88F14B4F}.Debug|Any CPU.Build.0 = Debug|Any CPU
		{D339E382-4B87-4E78-B5B9-381F88F14B4F}.Debug|ARM.ActiveCfg = Debug|Any CPU
		{D339E382-4B87-4E78-B5B9-381F88F14B4F}.Debug|ARM.Build.0 = Debug|Any CPU
		{D339E382-4B87-4E78-B5B9-381F88F14B4F}.Debug|x64.ActiveCfg = Debug|Any CPU
		{D339E382-4B87-4E78-B5B9-381F88F14B4F}.Debug|x64.Build.0 = Debug|Any CPU
		{D339E382-4B87-4E78-B5B9-381F88F14B4F}.Debug|x86.ActiveCfg = Debug|Any CPU
		{D339E382-4B87-4E78-B5B9-381F88F14B4F}.Debug|x86.Build.0 = Debug|Any CPU
		{D339E382-4B87-4E78-B5B9-381F88F14B4F}.Release|Any CPU.ActiveCfg = Release|Any CPU
		{D339E382-4B87-4E78-B5B9-381F88F14B4F}.Release|Any CPU.Build.0 = Release|Any CPU
		{D339E382-4B87-4E78-B5B9-381F88F14B4F}.Release|ARM.ActiveCfg = Release|Any CPU
		{D339E382-4B87-4E78-B5B9-381F88F14B4F}.Release|ARM.Build.0 = Release|Any CPU
		{D339E382-4B87-4E78-B5B9-381F88F14B4F}.Release|x64.ActiveCfg = Release|Any CPU
		{D339E382-4B87-4E78-B5B9-381F88F14B4F}.Release|x64.Build.0 = Release|Any CPU
		{D339E382-4B87-4E78-B5B9-381F88F14B4F}.Release|x86.ActiveCfg = Release|Any CPU
		{D339E382-4B87-4E78-B5B9-381F88F14B4F}.Release|x86.Build.0 = Release|Any CPU
		{8F2B4B7D-ACEE-45CE-B691-CA0B06EDAB95}.Debug|Any CPU.ActiveCfg = Debug|Any CPU
		{8F2B4B7D-ACEE-45CE-B691-CA0B06EDAB95}.Debug|Any CPU.Build.0 = Debug|Any CPU
		{8F2B4B7D-ACEE-45CE-B691-CA0B06EDAB95}.Debug|ARM.ActiveCfg = Debug|Any CPU
		{8F2B4B7D-ACEE-45CE-B691-CA0B06EDAB95}.Debug|ARM.Build.0 = Debug|Any CPU
		{8F2B4B7D-ACEE-45CE-B691-CA0B06EDAB95}.Debug|x64.ActiveCfg = Debug|Any CPU
		{8F2B4B7D-ACEE-45CE-B691-CA0B06EDAB95}.Debug|x64.Build.0 = Debug|Any CPU
		{8F2B4B7D-ACEE-45CE-B691-CA0B06EDAB95}.Debug|x86.ActiveCfg = Debug|Any CPU
		{8F2B4B7D-ACEE-45CE-B691-CA0B06EDAB95}.Debug|x86.Build.0 = Debug|Any CPU
		{8F2B4B7D-ACEE-45CE-B691-CA0B06EDAB95}.Release|Any CPU.ActiveCfg = Release|Any CPU
		{8F2B4B7D-ACEE-45CE-B691-CA0B06EDAB95}.Release|Any CPU.Build.0 = Release|Any CPU
		{8F2B4B7D-ACEE-45CE-B691-CA0B06EDAB95}.Release|ARM.ActiveCfg = Release|Any CPU
		{8F2B4B7D-ACEE-45CE-B691-CA0B06EDAB95}.Release|ARM.Build.0 = Release|Any CPU
		{8F2B4B7D-ACEE-45CE-B691-CA0B06EDAB95}.Release|x64.ActiveCfg = Release|Any CPU
		{8F2B4B7D-ACEE-45CE-B691-CA0B06EDAB95}.Release|x64.Build.0 = Release|Any CPU
		{8F2B4B7D-ACEE-45CE-B691-CA0B06EDAB95}.Release|x86.ActiveCfg = Release|Any CPU
		{8F2B4B7D-ACEE-45CE-B691-CA0B06EDAB95}.Release|x86.Build.0 = Release|Any CPU
	EndGlobalSection
	GlobalSection(SolutionProperties) = preSolution
		HideSolutionNode = FALSE
	EndGlobalSection
	GlobalSection(NestedProjects) = preSolution
		{1B51624B-9915-4ED6-8FC1-1B7C472246E5} = {3E51E726-E6AB-492B-A37D-DF1CE024D54F}
		{F5596C43-DDB9-47BC-BCA0-2308A59F630B} = {3E51E726-E6AB-492B-A37D-DF1CE024D54F}
		{8F2B4B7D-ACEE-45CE-B691-CA0B06EDAB95} = {3E51E726-E6AB-492B-A37D-DF1CE024D54F}
	EndGlobalSection
	GlobalSection(ExtensibilityGlobals) = postSolution
		SolutionGuid = {F1845CDF-5EE5-456F-B6C8-717E4E2284F4}
	EndGlobalSection
EndGlobal
