
Microsoft Visual Studio Solution File, Format Version 12.00
# Visual Studio 14
VisualStudioVersion = 14.0.25420.1
MinimumVisualStudioVersion = 10.0.40219.1
Project("{FAE04EC0-301F-11D3-BF4B-00C04F79EFBC}") = "QRCoderProject.Portable", "QRCoder\QRCoderProject.Portable.csproj", "{B2709734-9F32-4750-9CEC-10C5915B23FB}"
EndProject
Project("{FAE04EC0-301F-11D3-BF4B-00C04F79EFBC}") = "QRCoderDemo", "QRCoderDemo\QRCoderDemo.csproj", "{CA6DB0F5-DB6C-4DDD-8B5F-EF82FBB963E9}"
EndProject
Project("{FAE04EC0-301F-11D3-BF4B-00C04F79EFBC}") = "QRCoderConsole", "QRCoderConsole\QRCoderConsole.csproj", "{014F04C6-6099-4552-9A4F-D09C6E39D576}"
EndProject
Project("{FAE04EC0-301F-11D3-BF4B-00C04F79EFBC}") = "QRCoderTests", "QRCoderTests\QRCoderTests.csproj", "{1B51624B-9915-4ED6-8FC1-1B7C472246E5}"
EndProject
Global
	GlobalSection(SolutionConfigurationPlatforms) = preSolution
		Debug|Any CPU = Debug|Any CPU
		Release|Any CPU = Release|Any CPU
	EndGlobalSection
	GlobalSection(ProjectConfigurationPlatforms) = postSolution
		{B2709734-9F32-4750-9CEC-10C5915B23FB}.Debug|Any CPU.ActiveCfg = Debug|Any CPU
		{B2709734-9F32-4750-9CEC-10C5915B23FB}.Debug|Any CPU.Build.0 = Debug|Any CPU
		{B2709734-9F32-4750-9CEC-10C5915B23FB}.Release|Any CPU.ActiveCfg = Release|Any CPU
		{B2709734-9F32-4750-9CEC-10C5915B23FB}.Release|Any CPU.Build.0 = Release|Any CPU
		{CA6DB0F5-DB6C-4DDD-8B5F-EF82FBB963E9}.Debug|Any CPU.ActiveCfg = Debug|x86
		{CA6DB0F5-DB6C-4DDD-8B5F-EF82FBB963E9}.Release|Any CPU.ActiveCfg = Release|x86
		{014F04C6-6099-4552-9A4F-D09C6E39D576}.Debug|Any CPU.ActiveCfg = Debug|Any CPU
		{014F04C6-6099-4552-9A4F-D09C6E39D576}.Debug|Any CPU.Build.0 = Debug|Any CPU
		{014F04C6-6099-4552-9A4F-D09C6E39D576}.Release|Any CPU.ActiveCfg = Release|Any CPU
		{014F04C6-6099-4552-9A4F-D09C6E39D576}.Release|Any CPU.Build.0 = Release|Any CPU
		{1B51624B-9915-4ED6-8FC1-1B7C472246E5}.Debug|Any CPU.ActiveCfg = Debug|Any CPU
		{1B51624B-9915-4ED6-8FC1-1B7C472246E5}.Debug|Any CPU.Build.0 = Debug|Any CPU
		{1B51624B-9915-4ED6-8FC1-1B7C472246E5}.Release|Any CPU.ActiveCfg = Release|Any CPU
		{1B51624B-9915-4ED6-8FC1-1B7C472246E5}.Release|Any CPU.Build.0 = Release|Any CPU
	EndGlobalSection
	GlobalSection(SolutionProperties) = preSolution
		HideSolutionNode = FALSE
	EndGlobalSection
EndGlobal
