
Microsoft Visual Studio Solution File, Format Version 12.00
# Visual Studio 15
VisualStudioVersion = 15.0.26730.12
MinimumVisualStudioVersion = 10.0.40219.1
Project("{9A19103F-16F7-4668-BE54-9A1E7A4F7556}") = "QRCoder.NETCore20", "QRCoder\QRCoder.NETCore20.csproj", "{0072C4BA-847F-4D1D-A108-044E0F11A350}"
EndProject
Global
	GlobalSection(SolutionConfigurationPlatforms) = preSolution
		Debug|Any CPU = Debug|Any CPU
		Release|Any CPU = Release|Any CPU
	EndGlobalSection
	GlobalSection(ProjectConfigurationPlatforms) = postSolution
		{0072C4BA-847F-4D1D-A108-044E0F11A350}.Debug|Any CPU.ActiveCfg = Debug|Any CPU
		{0072C4BA-847F-4D1D-A108-044E0F11A350}.Debug|Any CPU.Build.0 = Debug|Any CPU
		{0072C4BA-847F-4D1D-A108-044E0F11A350}.Release|Any CPU.ActiveCfg = Release|Any CPU
		{0072C4BA-847F-4D1D-A108-044E0F11A350}.Release|Any CPU.Build.0 = Release|Any CPU
	EndGlobalSection
	GlobalSection(SolutionProperties) = preSolution
		HideSolutionNode = FALSE
	EndGlobalSection
	GlobalSection(ExtensibilityGlobals) = postSolution
		SolutionGuid = {11511099-8D26-4AD9-8F0E-A39C3891D6D4}
	EndGlobalSection
EndGlobal
